
Microsoft Visual Studio Solution File, Format Version 12.00
# Visual Studio Version 17
VisualStudioVersion = 17.7.34024.191
MinimumVisualStudioVersion = 10.0.40219.1
Project("{9A19103F-16F7-4668-BE54-9A1E7A4F7556}") = "06.2k1", "2k1\06.2k1.csproj", "{C5EF7AF2-789B-42D2-96F3-D91B0E3C32C6}"
EndProject
Project("{2150E333-8FDC-42A3-9474-1A3956D46DE8}") = "LabsLoops", "LabsLoops", "{0E3CE16C-9F63-47FA-A239-512DBCBB9BA2}"
EndProject
Project("{9A19103F-16F7-4668-BE54-9A1E7A4F7556}") = "07.AccountBalance", "07.AccountBalance\07.AccountBalance.csproj", "{F81D4F83-7D47-4187-9185-0708D58302BD}"
EndProject
Project("{9A19103F-16F7-4668-BE54-9A1E7A4F7556}") = "08.TheGreatestNumber", "08.TheGreatestNumber\08.TheGreatestNumber.csproj", "{02238B99-E1CB-41CD-A9ED-3DA6A8DAF3B4}"
EndProject
Project("{9A19103F-16F7-4668-BE54-9A1E7A4F7556}") = "09.TheSmallestNumber", "09.TheSmallestNumber\09.TheSmallestNumber.csproj", "{FBE874BC-4606-4A6D-9DCE-681ABAD949A4}"
EndProject
Project("{9A19103F-16F7-4668-BE54-9A1E7A4F7556}") = "10.Graduation", "10.Graduation\10.Graduation.csproj", "{19B64BE7-0B3B-4A83-86B5-A1FDBE29B121}"
EndProject
Project("{FAE04EC0-301F-11D3-BF4B-00C04F79EFBC}") = "Vowels", "Demo\Vowels.csproj", "{EB6DA867-52FF-4AB6-848A-B211DD08C50E}"
EndProject
Project("{9A19103F-16F7-4668-BE54-9A1E7A4F7556}") = "Demo", "Demo\Demo.csproj", "{2419E14E-CC7D-4DF9-9265-3969405C6A67}"
EndProject
Project("{9A19103F-16F7-4668-BE54-9A1E7A4F7556}") = "07.Coins", "07.Coins\07.Coins.csproj", "{9308DC07-976E-46C0-81A2-BA4123F762E5}"
EndProject
Project("{2150E333-8FDC-42A3-9474-1A3956D46DE8}") = "ExcLoops", "ExcLoops", "{8331E4B8-34DF-4FFA-8144-7383BBD8E356}"
EndProject
Project("{9A19103F-16F7-4668-BE54-9A1E7A4F7556}") = "05.Vacation", "05.Vacation\05.Vacation.csproj", "{39044490-6825-4F33-9F78-1E182CC6B50F}"
EndProject
Project("{9A19103F-16F7-4668-BE54-9A1E7A4F7556}") = "06.Steps", "06.Steps\06.Steps.csproj", "{8FB66947-719E-42EA-A81F-392A6F7F58C5}"
EndProject
Project("{9A19103F-16F7-4668-BE54-9A1E7A4F7556}") = "08.Cake", "08.Cake\08.Cake.csproj", "{69240799-7CA9-43AC-84EB-041756F57D10}"
EndProject
Project("{9A19103F-16F7-4668-BE54-9A1E7A4F7556}") = "09.Moving", "09.Moving\09.Moving.csproj", "{224B049F-B705-499A-A489-CED5FD2A9F66}"
EndProject
Project("{2150E333-8FDC-42A3-9474-1A3956D46DE8}") = "Tests", "Tests", "{EDEA46B2-289C-40C6-88C7-D9FF707E99D0}"
EndProject
Project("{9A19103F-16F7-4668-BE54-9A1E7A4F7556}") = "Test1", "Test1\Test1.csproj", "{95144384-1194-4493-87E8-C0D842C292C7}"
EndProject
Project("{9A19103F-16F7-4668-BE54-9A1E7A4F7556}") = "Reversed", "Reversed\Reversed.csproj", "{9573E222-7D6D-478D-9EC3-EEEA7015EA75}"
EndProject
Project("{9A19103F-16F7-4668-BE54-9A1E7A4F7556}") = "DemoStacks", "DemoStacks\DemoStacks.csproj", "{0452AD96-FBBA-4AD2-84F4-ED971D99659F}"
EndProject
Project("{9A19103F-16F7-4668-BE54-9A1E7A4F7556}") = "StackCalc", "StackCalc\StackCalc.csproj", "{8D7444DF-1644-42C2-860F-572A88614E45}"
EndProject
Project("{9A19103F-16F7-4668-BE54-9A1E7A4F7556}") = "QueueNumbers", "QueueNumbers\QueueNumbers.csproj", "{5C191E4F-98C8-42F1-BA67-71CB7C616DB5}"
EndProject
Project("{9A19103F-16F7-4668-BE54-9A1E7A4F7556}") = "HotPotato", "HotPotato\HotPotato.csproj", "{AE98D083-05D3-40F9-A469-A20ABC242997}"
EndProject
Project("{9A19103F-16F7-4668-BE54-9A1E7A4F7556}") = "Division234", "Division234\Division234.csproj", "{13D9855C-5356-4980-8E4B-D9CAF11CB0AB}"
EndProject
Project("{9A19103F-16F7-4668-BE54-9A1E7A4F7556}") = "SpecialNumber", "SpecialNumber\SpecialNumber.csproj", "{E75D2A84-B444-423C-90F6-334C9E8481D2}"
EndProject
Project("{9A19103F-16F7-4668-BE54-9A1E7A4F7556}") = "SpecialBonus", "SpecialBonus\SpecialBonus.csproj", "{A47D2F9D-EEE9-4701-B078-F4936B136B18}"
EndProject
Project("{9A19103F-16F7-4668-BE54-9A1E7A4F7556}") = "AccountBalance", "AccountBalance\AccountBalance.csproj", "{DACD371E-0B79-43CF-B220-B240F8634619}"
EndProject
Project("{FAE04EC0-301F-11D3-BF4B-00C04F79EFBC}") = "ExcerciseAndLabsOnWork.Tests", "ExcerciseAndLabsOnWork.Tests\ExcerciseAndLabsOnWork.Tests.csproj", "{B8E20566-2D24-41AA-A1DE-5A3397B94D40}"
EndProject
Global
	GlobalSection(SolutionConfigurationPlatforms) = preSolution
		Debug|Any CPU = Debug|Any CPU
		Release|Any CPU = Release|Any CPU
	EndGlobalSection
	GlobalSection(ProjectConfigurationPlatforms) = postSolution
		{C5EF7AF2-789B-42D2-96F3-D91B0E3C32C6}.Debug|Any CPU.ActiveCfg = Debug|Any CPU
		{C5EF7AF2-789B-42D2-96F3-D91B0E3C32C6}.Debug|Any CPU.Build.0 = Debug|Any CPU
		{C5EF7AF2-789B-42D2-96F3-D91B0E3C32C6}.Release|Any CPU.ActiveCfg = Release|Any CPU
		{C5EF7AF2-789B-42D2-96F3-D91B0E3C32C6}.Release|Any CPU.Build.0 = Release|Any CPU
		{F81D4F83-7D47-4187-9185-0708D58302BD}.Debug|Any CPU.ActiveCfg = Debug|Any CPU
		{F81D4F83-7D47-4187-9185-0708D58302BD}.Debug|Any CPU.Build.0 = Debug|Any CPU
		{F81D4F83-7D47-4187-9185-0708D58302BD}.Release|Any CPU.ActiveCfg = Release|Any CPU
		{F81D4F83-7D47-4187-9185-0708D58302BD}.Release|Any CPU.Build.0 = Release|Any CPU
		{02238B99-E1CB-41CD-A9ED-3DA6A8DAF3B4}.Debug|Any CPU.ActiveCfg = Debug|Any CPU
		{02238B99-E1CB-41CD-A9ED-3DA6A8DAF3B4}.Debug|Any CPU.Build.0 = Debug|Any CPU
		{02238B99-E1CB-41CD-A9ED-3DA6A8DAF3B4}.Release|Any CPU.ActiveCfg = Release|Any CPU
		{02238B99-E1CB-41CD-A9ED-3DA6A8DAF3B4}.Release|Any CPU.Build.0 = Release|Any CPU
		{FBE874BC-4606-4A6D-9DCE-681ABAD949A4}.Debug|Any CPU.ActiveCfg = Debug|Any CPU
		{FBE874BC-4606-4A6D-9DCE-681ABAD949A4}.Debug|Any CPU.Build.0 = Debug|Any CPU
		{FBE874BC-4606-4A6D-9DCE-681ABAD949A4}.Release|Any CPU.ActiveCfg = Release|Any CPU
		{FBE874BC-4606-4A6D-9DCE-681ABAD949A4}.Release|Any CPU.Build.0 = Release|Any CPU
		{19B64BE7-0B3B-4A83-86B5-A1FDBE29B121}.Debug|Any CPU.ActiveCfg = Debug|Any CPU
		{19B64BE7-0B3B-4A83-86B5-A1FDBE29B121}.Debug|Any CPU.Build.0 = Debug|Any CPU
		{19B64BE7-0B3B-4A83-86B5-A1FDBE29B121}.Release|Any CPU.ActiveCfg = Release|Any CPU
		{19B64BE7-0B3B-4A83-86B5-A1FDBE29B121}.Release|Any CPU.Build.0 = Release|Any CPU
		{EB6DA867-52FF-4AB6-848A-B211DD08C50E}.Debug|Any CPU.ActiveCfg = Debug|Any CPU
		{EB6DA867-52FF-4AB6-848A-B211DD08C50E}.Debug|Any CPU.Build.0 = Debug|Any CPU
		{EB6DA867-52FF-4AB6-848A-B211DD08C50E}.Release|Any CPU.ActiveCfg = Release|Any CPU
		{EB6DA867-52FF-4AB6-848A-B211DD08C50E}.Release|Any CPU.Build.0 = Release|Any CPU
		{2419E14E-CC7D-4DF9-9265-3969405C6A67}.Debug|Any CPU.ActiveCfg = Debug|Any CPU
		{2419E14E-CC7D-4DF9-9265-3969405C6A67}.Debug|Any CPU.Build.0 = Debug|Any CPU
		{2419E14E-CC7D-4DF9-9265-3969405C6A67}.Release|Any CPU.ActiveCfg = Release|Any CPU
		{2419E14E-CC7D-4DF9-9265-3969405C6A67}.Release|Any CPU.Build.0 = Release|Any CPU
		{9308DC07-976E-46C0-81A2-BA4123F762E5}.Debug|Any CPU.ActiveCfg = Debug|Any CPU
		{9308DC07-976E-46C0-81A2-BA4123F762E5}.Debug|Any CPU.Build.0 = Debug|Any CPU
		{9308DC07-976E-46C0-81A2-BA4123F762E5}.Release|Any CPU.ActiveCfg = Release|Any CPU
		{9308DC07-976E-46C0-81A2-BA4123F762E5}.Release|Any CPU.Build.0 = Release|Any CPU
		{39044490-6825-4F33-9F78-1E182CC6B50F}.Debug|Any CPU.ActiveCfg = Debug|Any CPU
		{39044490-6825-4F33-9F78-1E182CC6B50F}.Debug|Any CPU.Build.0 = Debug|Any CPU
		{39044490-6825-4F33-9F78-1E182CC6B50F}.Release|Any CPU.ActiveCfg = Release|Any CPU
		{39044490-6825-4F33-9F78-1E182CC6B50F}.Release|Any CPU.Build.0 = Release|Any CPU
		{8FB66947-719E-42EA-A81F-392A6F7F58C5}.Debug|Any CPU.ActiveCfg = Debug|Any CPU
		{8FB66947-719E-42EA-A81F-392A6F7F58C5}.Debug|Any CPU.Build.0 = Debug|Any CPU
		{8FB66947-719E-42EA-A81F-392A6F7F58C5}.Release|Any CPU.ActiveCfg = Release|Any CPU
		{8FB66947-719E-42EA-A81F-392A6F7F58C5}.Release|Any CPU.Build.0 = Release|Any CPU
		{69240799-7CA9-43AC-84EB-041756F57D10}.Debug|Any CPU.ActiveCfg = Debug|Any CPU
		{69240799-7CA9-43AC-84EB-041756F57D10}.Debug|Any CPU.Build.0 = Debug|Any CPU
		{69240799-7CA9-43AC-84EB-041756F57D10}.Release|Any CPU.ActiveCfg = Release|Any CPU
		{69240799-7CA9-43AC-84EB-041756F57D10}.Release|Any CPU.Build.0 = Release|Any CPU
		{224B049F-B705-499A-A489-CED5FD2A9F66}.Debug|Any CPU.ActiveCfg = Debug|Any CPU
		{224B049F-B705-499A-A489-CED5FD2A9F66}.Debug|Any CPU.Build.0 = Debug|Any CPU
		{224B049F-B705-499A-A489-CED5FD2A9F66}.Release|Any CPU.ActiveCfg = Release|Any CPU
		{224B049F-B705-499A-A489-CED5FD2A9F66}.Release|Any CPU.Build.0 = Release|Any CPU
		{95144384-1194-4493-87E8-C0D842C292C7}.Debug|Any CPU.ActiveCfg = Debug|Any CPU
		{95144384-1194-4493-87E8-C0D842C292C7}.Debug|Any CPU.Build.0 = Debug|Any CPU
		{95144384-1194-4493-87E8-C0D842C292C7}.Release|Any CPU.ActiveCfg = Release|Any CPU
		{95144384-1194-4493-87E8-C0D842C292C7}.Release|Any CPU.Build.0 = Release|Any CPU
		{9573E222-7D6D-478D-9EC3-EEEA7015EA75}.Debug|Any CPU.ActiveCfg = Debug|Any CPU
		{9573E222-7D6D-478D-9EC3-EEEA7015EA75}.Debug|Any CPU.Build.0 = Debug|Any CPU
		{9573E222-7D6D-478D-9EC3-EEEA7015EA75}.Release|Any CPU.ActiveCfg = Release|Any CPU
		{9573E222-7D6D-478D-9EC3-EEEA7015EA75}.Release|Any CPU.Build.0 = Release|Any CPU
		{0452AD96-FBBA-4AD2-84F4-ED971D99659F}.Debug|Any CPU.ActiveCfg = Debug|Any CPU
		{0452AD96-FBBA-4AD2-84F4-ED971D99659F}.Debug|Any CPU.Build.0 = Debug|Any CPU
		{0452AD96-FBBA-4AD2-84F4-ED971D99659F}.Release|Any CPU.ActiveCfg = Release|Any CPU
		{0452AD96-FBBA-4AD2-84F4-ED971D99659F}.Release|Any CPU.Build.0 = Release|Any CPU
		{8D7444DF-1644-42C2-860F-572A88614E45}.Debug|Any CPU.ActiveCfg = Debug|Any CPU
		{8D7444DF-1644-42C2-860F-572A88614E45}.Debug|Any CPU.Build.0 = Debug|Any CPU
		{8D7444DF-1644-42C2-860F-572A88614E45}.Release|Any CPU.ActiveCfg = Release|Any CPU
		{8D7444DF-1644-42C2-860F-572A88614E45}.Release|Any CPU.Build.0 = Release|Any CPU
		{5C191E4F-98C8-42F1-BA67-71CB7C616DB5}.Debug|Any CPU.ActiveCfg = Debug|Any CPU
		{5C191E4F-98C8-42F1-BA67-71CB7C616DB5}.Debug|Any CPU.Build.0 = Debug|Any CPU
		{5C191E4F-98C8-42F1-BA67-71CB7C616DB5}.Release|Any CPU.ActiveCfg = Release|Any CPU
		{5C191E4F-98C8-42F1-BA67-71CB7C616DB5}.Release|Any CPU.Build.0 = Release|Any CPU
		{AE98D083-05D3-40F9-A469-A20ABC242997}.Debug|Any CPU.ActiveCfg = Debug|Any CPU
		{AE98D083-05D3-40F9-A469-A20ABC242997}.Debug|Any CPU.Build.0 = Debug|Any CPU
		{AE98D083-05D3-40F9-A469-A20ABC242997}.Release|Any CPU.ActiveCfg = Release|Any CPU
		{AE98D083-05D3-40F9-A469-A20ABC242997}.Release|Any CPU.Build.0 = Release|Any CPU
		{13D9855C-5356-4980-8E4B-D9CAF11CB0AB}.Debug|Any CPU.ActiveCfg = Debug|Any CPU
		{13D9855C-5356-4980-8E4B-D9CAF11CB0AB}.Debug|Any CPU.Build.0 = Debug|Any CPU
		{13D9855C-5356-4980-8E4B-D9CAF11CB0AB}.Release|Any CPU.ActiveCfg = Release|Any CPU
		{13D9855C-5356-4980-8E4B-D9CAF11CB0AB}.Release|Any CPU.Build.0 = Release|Any CPU
		{E75D2A84-B444-423C-90F6-334C9E8481D2}.Debug|Any CPU.ActiveCfg = Debug|Any CPU
		{E75D2A84-B444-423C-90F6-334C9E8481D2}.Debug|Any CPU.Build.0 = Debug|Any CPU
		{E75D2A84-B444-423C-90F6-334C9E8481D2}.Release|Any CPU.ActiveCfg = Release|Any CPU
		{E75D2A84-B444-423C-90F6-334C9E8481D2}.Release|Any CPU.Build.0 = Release|Any CPU
		{A47D2F9D-EEE9-4701-B078-F4936B136B18}.Debug|Any CPU.ActiveCfg = Debug|Any CPU
		{A47D2F9D-EEE9-4701-B078-F4936B136B18}.Debug|Any CPU.Build.0 = Debug|Any CPU
		{A47D2F9D-EEE9-4701-B078-F4936B136B18}.Release|Any CPU.ActiveCfg = Release|Any CPU
		{A47D2F9D-EEE9-4701-B078-F4936B136B18}.Release|Any CPU.Build.0 = Release|Any CPU
		{DACD371E-0B79-43CF-B220-B240F8634619}.Debug|Any CPU.ActiveCfg = Debug|Any CPU
		{DACD371E-0B79-43CF-B220-B240F8634619}.Debug|Any CPU.Build.0 = Debug|Any CPU
		{DACD371E-0B79-43CF-B220-B240F8634619}.Release|Any CPU.ActiveCfg = Release|Any CPU
		{DACD371E-0B79-43CF-B220-B240F8634619}.Release|Any CPU.Build.0 = Release|Any CPU
		{B8E20566-2D24-41AA-A1DE-5A3397B94D40}.Debug|Any CPU.ActiveCfg = Debug|Any CPU
		{B8E20566-2D24-41AA-A1DE-5A3397B94D40}.Debug|Any CPU.Build.0 = Debug|Any CPU
		{B8E20566-2D24-41AA-A1DE-5A3397B94D40}.Release|Any CPU.ActiveCfg = Release|Any CPU
		{B8E20566-2D24-41AA-A1DE-5A3397B94D40}.Release|Any CPU.Build.0 = Release|Any CPU
	EndGlobalSection
	GlobalSection(SolutionProperties) = preSolution
		HideSolutionNode = FALSE
	EndGlobalSection
	GlobalSection(NestedProjects) = preSolution
		{C5EF7AF2-789B-42D2-96F3-D91B0E3C32C6} = {0E3CE16C-9F63-47FA-A239-512DBCBB9BA2}
		{F81D4F83-7D47-4187-9185-0708D58302BD} = {0E3CE16C-9F63-47FA-A239-512DBCBB9BA2}
		{02238B99-E1CB-41CD-A9ED-3DA6A8DAF3B4} = {0E3CE16C-9F63-47FA-A239-512DBCBB9BA2}
		{FBE874BC-4606-4A6D-9DCE-681ABAD949A4} = {0E3CE16C-9F63-47FA-A239-512DBCBB9BA2}
		{19B64BE7-0B3B-4A83-86B5-A1FDBE29B121} = {0E3CE16C-9F63-47FA-A239-512DBCBB9BA2}
		{EB6DA867-52FF-4AB6-848A-B211DD08C50E} = {0E3CE16C-9F63-47FA-A239-512DBCBB9BA2}
		{2419E14E-CC7D-4DF9-9265-3969405C6A67} = {0E3CE16C-9F63-47FA-A239-512DBCBB9BA2}
		{9308DC07-976E-46C0-81A2-BA4123F762E5} = {0E3CE16C-9F63-47FA-A239-512DBCBB9BA2}
		{39044490-6825-4F33-9F78-1E182CC6B50F} = {8331E4B8-34DF-4FFA-8144-7383BBD8E356}
		{8FB66947-719E-42EA-A81F-392A6F7F58C5} = {8331E4B8-34DF-4FFA-8144-7383BBD8E356}
		{69240799-7CA9-43AC-84EB-041756F57D10} = {8331E4B8-34DF-4FFA-8144-7383BBD8E356}
		{224B049F-B705-499A-A489-CED5FD2A9F66} = {8331E4B8-34DF-4FFA-8144-7383BBD8E356}
		{95144384-1194-4493-87E8-C0D842C292C7} = {EDEA46B2-289C-40C6-88C7-D9FF707E99D0}
		{8D7444DF-1644-42C2-860F-572A88614E45} = {EDEA46B2-289C-40C6-88C7-D9FF707E99D0}
		{5C191E4F-98C8-42F1-BA67-71CB7C616DB5} = {EDEA46B2-289C-40C6-88C7-D9FF707E99D0}
		{AE98D083-05D3-40F9-A469-A20ABC242997} = {EDEA46B2-289C-40C6-88C7-D9FF707E99D0}
		{13D9855C-5356-4980-8E4B-D9CAF11CB0AB} = {EDEA46B2-289C-40C6-88C7-D9FF707E99D0}
		{E75D2A84-B444-423C-90F6-334C9E8481D2} = {EDEA46B2-289C-40C6-88C7-D9FF707E99D0}
		{A47D2F9D-EEE9-4701-B078-F4936B136B18} = {EDEA46B2-289C-40C6-88C7-D9FF707E99D0}
		{DACD371E-0B79-43CF-B220-B240F8634619} = {EDEA46B2-289C-40C6-88C7-D9FF707E99D0}
	EndGlobalSection
	GlobalSection(ExtensibilityGlobals) = postSolution
		SolutionGuid = {99B9E83B-28FA-4B11-94D3-4996EFBB3128}
	EndGlobalSection
EndGlobal
